
Microsoft Visual Studio Solution File, Format Version 12.00
# Visual Studio Version 17
VisualStudioVersion = 17.14.36109.1 d17.14
MinimumVisualStudioVersion = 10.0.40219.1
Project("{8BC9CEB8-8B4A-11D0-8D11-00A0C91BC942}") = "HW03", "HW03.vcxproj", "{ACE01390-5002-47C9-B6D4-4C84F7462FC0}"
EndProject
Global
	GlobalSection(SolutionConfigurationPlatforms) = preSolution
		Debug|x64 = Debug|x64
		Debug|x86 = Debug|x86
		Release|x64 = Release|x64
		Release|x86 = Release|x86
	EndGlobalSection
	GlobalSection(ProjectConfigurationPlatforms) = postSolution
		{ACE01390-5002-47C9-B6D4-4C84F7462FC0}.Debug|x64.ActiveCfg = Debug|x64
		{ACE01390-5002-47C9-B6D4-4C84F7462FC0}.Debug|x64.Build.0 = Debug|x64
		{ACE01390-5002-47C9-B6D4-4C84F7462FC0}.Debug|x86.ActiveCfg = Debug|Win32
		{ACE01390-5002-47C9-B6D4-4C84F7462FC0}.Debug|x86.Build.0 = Debug|Win32
		{ACE01390-5002-47C9-B6D4-4C84F7462FC0}.Release|x64.ActiveCfg = Release|x64
		{ACE01390-5002-47C9-B6D4-4C84F7462FC0}.Release|x64.Build.0 = Release|x64
		{ACE01390-5002-47C9-B6D4-4C84F7462FC0}.Release|x86.ActiveCfg = Release|Win32
		{ACE01390-5002-47C9-B6D4-4C84F7462FC0}.Release|x86.Build.0 = Release|Win32
	EndGlobalSection
	GlobalSection(SolutionProperties) = preSolution
		HideSolutionNode = FALSE
	EndGlobalSection
	GlobalSection(ExtensibilityGlobals) = postSolution
		SolutionGuid = {82A91F45-AC9A-49F6-BD20-6FCEC4CE91A7}
	EndGlobalSection
EndGlobal
